
Microsoft Visual Studio Solution File, Format Version 12.00
# Visual Studio Version 17
VisualStudioVersion = 17.14.36908.2
MinimumVisualStudioVersion = 10.0.40219.1
Project("{8BC9CEB8-8B4A-11D0-8D11-00A0C91BC942}") = "CompilerTest", "CompilerTest\CompilerTest.vcxproj", "{011AD9CF-5683-4B65-AA64-41779E64BE69}"
EndProject
Project("{8BC9CEB8-8B4A-11D0-8D11-00A0C91BC942}") = "InlineFunction", "InlineFunction\InlineFunction.vcxproj", "{015D5653-56FC-4B8A-AEE5-BE0B31343904}"
EndProject
Project("{8BC9CEB8-8B4A-11D0-8D11-00A0C91BC942}") = "Pointer", "Pointer\Pointer.vcxproj", "{E98CD377-EEF1-4F9E-8472-D2465873ABE4}"
EndProject
Project("{8BC9CEB8-8B4A-11D0-8D11-00A0C91BC942}") = "Reference", "Reference\Reference.vcxproj", "{2F5F9644-CFB8-483C-926E-D0A8EBF6C77F}"
EndProject
Project("{8BC9CEB8-8B4A-11D0-8D11-00A0C91BC942}") = "Array", "Array\Array.vcxproj", "{6A55D309-317B-4141-B499-7569BACEE59F}"
EndProject
Project("{8BC9CEB8-8B4A-11D0-8D11-00A0C91BC942}") = "String", "String\String.vcxproj", "{C8E467E3-7512-4FE2-8511-75BE8891CF2F}"
EndProject
Project("{8BC9CEB8-8B4A-11D0-8D11-00A0C91BC942}") = "Class", "Class\Class.vcxproj", "{A155065A-C98C-4F2F-A84A-66459A6C92E9}"
EndProject
Project("{8BC9CEB8-8B4A-11D0-8D11-00A0C91BC942}") = "ClassAndArray", "ClassAndArray\ClassAndArray.vcxproj", "{7A1F992F-276F-4035-9999-D6BFBAE00220}"
EndProject
Project("{8BC9CEB8-8B4A-11D0-8D11-00A0C91BC942}") = "FriendKeyword", "friendKeyword\friendKeyword.vcxproj", "{372C3DAE-36E6-4773-89F2-9F3831767735}"
EndProject
Project("{8BC9CEB8-8B4A-11D0-8D11-00A0C91BC942}") = "ForwardDeclaration", "ForwardDeclaration\ForwardDeclaration.vcxproj", "{D54BD2BF-8B68-4340-BB5A-9E50D58169C6}"
EndProject
Project("{8BC9CEB8-8B4A-11D0-8D11-00A0C91BC942}") = "QZ", "QZ\QZ.vcxproj", "{8EAE83CC-4F3E-4561-AD9B-D2B194BE4D42}"
EndProject
Project("{8BC9CEB8-8B4A-11D0-8D11-00A0C91BC942}") = "Inheritance", "Inheritance\Inheritance.vcxproj", "{9115F2F9-ED2C-48D6-8065-D479341254F8}"
EndProject
Project("{8BC9CEB8-8B4A-11D0-8D11-00A0C91BC942}") = "Polymorphism", "Polymorphism\Polymorphism.vcxproj", "{F27E4213-C7F9-4E58-B192-7F5C308EB3CB}"
EndProject
Project("{8BC9CEB8-8B4A-11D0-8D11-00A0C91BC942}") = "OperatorOverloading", "OperatorOverloading\OperatorOverloading.vcxproj", "{607335E8-520B-4EE6-9543-766AC1DF10FD}"
EndProject
Project("{8BC9CEB8-8B4A-11D0-8D11-00A0C91BC942}") = "TypeCasting", "TypeCasting\TypeCasting.vcxproj", "{1F05CBB8-754B-44C1-A9ED-8123FE8758AE}"
EndProject
Project("{8BC9CEB8-8B4A-11D0-8D11-00A0C91BC942}") = "Template", "Template\Template.vcxproj", "{C14D9E15-5865-4A58-8F79-85A25B64E797}"
EndProject
Project("{8BC9CEB8-8B4A-11D0-8D11-00A0C91BC942}") = "FileIO", "FileIO\FileIO.vcxproj", "{71B9DEF4-CC23-464E-A0A2-18C0725E87BB}"
EndProject
Global
	GlobalSection(SolutionConfigurationPlatforms) = preSolution
		Debug|x64 = Debug|x64
		Debug|x86 = Debug|x86
		Release|x64 = Release|x64
		Release|x86 = Release|x86
	EndGlobalSection
	GlobalSection(ProjectConfigurationPlatforms) = postSolution
		{011AD9CF-5683-4B65-AA64-41779E64BE69}.Debug|x64.ActiveCfg = Debug|x64
		{011AD9CF-5683-4B65-AA64-41779E64BE69}.Debug|x64.Build.0 = Debug|x64
		{011AD9CF-5683-4B65-AA64-41779E64BE69}.Debug|x86.ActiveCfg = Debug|Win32
		{011AD9CF-5683-4B65-AA64-41779E64BE69}.Debug|x86.Build.0 = Debug|Win32
		{011AD9CF-5683-4B65-AA64-41779E64BE69}.Release|x64.ActiveCfg = Release|x64
		{011AD9CF-5683-4B65-AA64-41779E64BE69}.Release|x64.Build.0 = Release|x64
		{011AD9CF-5683-4B65-AA64-41779E64BE69}.Release|x86.ActiveCfg = Release|Win32
		{011AD9CF-5683-4B65-AA64-41779E64BE69}.Release|x86.Build.0 = Release|Win32
		{015D5653-56FC-4B8A-AEE5-BE0B31343904}.Debug|x64.ActiveCfg = Debug|x64
		{015D5653-56FC-4B8A-AEE5-BE0B31343904}.Debug|x64.Build.0 = Debug|x64
		{015D5653-56FC-4B8A-AEE5-BE0B31343904}.Debug|x86.ActiveCfg = Debug|Win32
		{015D5653-56FC-4B8A-AEE5-BE0B31343904}.Debug|x86.Build.0 = Debug|Win32
		{015D5653-56FC-4B8A-AEE5-BE0B31343904}.Release|x64.ActiveCfg = Release|x64
		{015D5653-56FC-4B8A-AEE5-BE0B31343904}.Release|x64.Build.0 = Release|x64
		{015D5653-56FC-4B8A-AEE5-BE0B31343904}.Release|x86.ActiveCfg = Release|Win32
		{015D5653-56FC-4B8A-AEE5-BE0B31343904}.Release|x86.Build.0 = Release|Win32
		{E98CD377-EEF1-4F9E-8472-D2465873ABE4}.Debug|x64.ActiveCfg = Debug|x64
		{E98CD377-EEF1-4F9E-8472-D2465873ABE4}.Debug|x64.Build.0 = Debug|x64
		{E98CD377-EEF1-4F9E-8472-D2465873ABE4}.Debug|x86.ActiveCfg = Debug|Win32
		{E98CD377-EEF1-4F9E-8472-D2465873ABE4}.Debug|x86.Build.0 = Debug|Win32
		{E98CD377-EEF1-4F9E-8472-D2465873ABE4}.Release|x64.ActiveCfg = Release|x64
		{E98CD377-EEF1-4F9E-8472-D2465873ABE4}.Release|x64.Build.0 = Release|x64
		{E98CD377-EEF1-4F9E-8472-D2465873ABE4}.Release|x86.ActiveCfg = Release|Win32
		{E98CD377-EEF1-4F9E-8472-D2465873ABE4}.Release|x86.Build.0 = Release|Win32
		{2F5F9644-CFB8-483C-926E-D0A8EBF6C77F}.Debug|x64.ActiveCfg = Debug|x64
		{2F5F9644-CFB8-483C-926E-D0A8EBF6C77F}.Debug|x64.Build.0 = Debug|x64
		{2F5F9644-CFB8-483C-926E-D0A8EBF6C77F}.Debug|x86.ActiveCfg = Debug|Win32
		{2F5F9644-CFB8-483C-926E-D0A8EBF6C77F}.Debug|x86.Build.0 = Debug|Win32
		{2F5F9644-CFB8-483C-926E-D0A8EBF6C77F}.Release|x64.ActiveCfg = Release|x64
		{2F5F9644-CFB8-483C-926E-D0A8EBF6C77F}.Release|x64.Build.0 = Release|x64
		{2F5F9644-CFB8-483C-926E-D0A8EBF6C77F}.Release|x86.ActiveCfg = Release|Win32
		{2F5F9644-CFB8-483C-926E-D0A8EBF6C77F}.Release|x86.Build.0 = Release|Win32
		{6A55D309-317B-4141-B499-7569BACEE59F}.Debug|x64.ActiveCfg = Debug|x64
		{6A55D309-317B-4141-B499-7569BACEE59F}.Debug|x64.Build.0 = Debug|x64
		{6A55D309-317B-4141-B499-7569BACEE59F}.Debug|x86.ActiveCfg = Debug|Win32
		{6A55D309-317B-4141-B499-7569BACEE59F}.Debug|x86.Build.0 = Debug|Win32
		{6A55D309-317B-4141-B499-7569BACEE59F}.Release|x64.ActiveCfg = Release|x64
		{6A55D309-317B-4141-B499-7569BACEE59F}.Release|x64.Build.0 = Release|x64
		{6A55D309-317B-4141-B499-7569BACEE59F}.Release|x86.ActiveCfg = Release|Win32
		{6A55D309-317B-4141-B499-7569BACEE59F}.Release|x86.Build.0 = Release|Win32
		{C8E467E3-7512-4FE2-8511-75BE8891CF2F}.Debug|x64.ActiveCfg = Debug|x64
		{C8E467E3-7512-4FE2-8511-75BE8891CF2F}.Debug|x64.Build.0 = Debug|x64
		{C8E467E3-7512-4FE2-8511-75BE8891CF2F}.Debug|x86.ActiveCfg = Debug|Win32
		{C8E467E3-7512-4FE2-8511-75BE8891CF2F}.Debug|x86.Build.0 = Debug|Win32
		{C8E467E3-7512-4FE2-8511-75BE8891CF2F}.Release|x64.ActiveCfg = Release|x64
		{C8E467E3-7512-4FE2-8511-75BE8891CF2F}.Release|x64.Build.0 = Release|x64
		{C8E467E3-7512-4FE2-8511-75BE8891CF2F}.Release|x86.ActiveCfg = Release|Win32
		{C8E467E3-7512-4FE2-8511-75BE8891CF2F}.Release|x86.Build.0 = Release|Win32
		{A155065A-C98C-4F2F-A84A-66459A6C92E9}.Debug|x64.ActiveCfg = Debug|x64
		{A155065A-C98C-4F2F-A84A-66459A6C92E9}.Debug|x64.Build.0 = Debug|x64
		{A155065A-C98C-4F2F-A84A-66459A6C92E9}.Debug|x86.ActiveCfg = Debug|Win32
		{A155065A-C98C-4F2F-A84A-66459A6C92E9}.Debug|x86.Build.0 = Debug|Win32
		{A155065A-C98C-4F2F-A84A-66459A6C92E9}.Release|x64.ActiveCfg = Release|x64
		{A155065A-C98C-4F2F-A84A-66459A6C92E9}.Release|x64.Build.0 = Release|x64
		{A155065A-C98C-4F2F-A84A-66459A6C92E9}.Release|x86.ActiveCfg = Release|Win32
		{A155065A-C98C-4F2F-A84A-66459A6C92E9}.Release|x86.Build.0 = Release|Win32
		{7A1F992F-276F-4035-9999-D6BFBAE00220}.Debug|x64.ActiveCfg = Debug|x64
		{7A1F992F-276F-4035-9999-D6BFBAE00220}.Debug|x64.Build.0 = Debug|x64
		{7A1F992F-276F-4035-9999-D6BFBAE00220}.Debug|x86.ActiveCfg = Debug|Win32
		{7A1F992F-276F-4035-9999-D6BFBAE00220}.Debug|x86.Build.0 = Debug|Win32
		{7A1F992F-276F-4035-9999-D6BFBAE00220}.Release|x64.ActiveCfg = Release|x64
		{7A1F992F-276F-4035-9999-D6BFBAE00220}.Release|x64.Build.0 = Release|x64
		{7A1F992F-276F-4035-9999-D6BFBAE00220}.Release|x86.ActiveCfg = Release|Win32
		{7A1F992F-276F-4035-9999-D6BFBAE00220}.Release|x86.Build.0 = Release|Win32
		{372C3DAE-36E6-4773-89F2-9F3831767735}.Debug|x64.ActiveCfg = Debug|x64
		{372C3DAE-36E6-4773-89F2-9F3831767735}.Debug|x64.Build.0 = Debug|x64
		{372C3DAE-36E6-4773-89F2-9F3831767735}.Debug|x86.ActiveCfg = Debug|Win32
		{372C3DAE-36E6-4773-89F2-9F3831767735}.Debug|x86.Build.0 = Debug|Win32
		{372C3DAE-36E6-4773-89F2-9F3831767735}.Release|x64.ActiveCfg = Release|x64
		{372C3DAE-36E6-4773-89F2-9F3831767735}.Release|x64.Build.0 = Release|x64
		{372C3DAE-36E6-4773-89F2-9F3831767735}.Release|x86.ActiveCfg = Release|Win32
		{372C3DAE-36E6-4773-89F2-9F3831767735}.Release|x86.Build.0 = Release|Win32
		{D54BD2BF-8B68-4340-BB5A-9E50D58169C6}.Debug|x64.ActiveCfg = Debug|x64
		{D54BD2BF-8B68-4340-BB5A-9E50D58169C6}.Debug|x64.Build.0 = Debug|x64
		{D54BD2BF-8B68-4340-BB5A-9E50D58169C6}.Debug|x86.ActiveCfg = Debug|Win32
		{D54BD2BF-8B68-4340-BB5A-9E50D58169C6}.Debug|x86.Build.0 = Debug|Win32
		{D54BD2BF-8B68-4340-BB5A-9E50D58169C6}.Release|x64.ActiveCfg = Release|x64
		{D54BD2BF-8B68-4340-BB5A-9E50D58169C6}.Release|x64.Build.0 = Release|x64
		{D54BD2BF-8B68-4340-BB5A-9E50D58169C6}.Release|x86.ActiveCfg = Release|Win32
		{D54BD2BF-8B68-4340-BB5A-9E50D58169C6}.Release|x86.Build.0 = Release|Win32
		{8EAE83CC-4F3E-4561-AD9B-D2B194BE4D42}.Debug|x64.ActiveCfg = Debug|x64
		{8EAE83CC-4F3E-4561-AD9B-D2B194BE4D42}.Debug|x64.Build.0 = Debug|x64
		{8EAE83CC-4F3E-4561-AD9B-D2B194BE4D42}.Debug|x86.ActiveCfg = Debug|Win32
		{8EAE83CC-4F3E-4561-AD9B-D2B194BE4D42}.Debug|x86.Build.0 = Debug|Win32
		{8EAE83CC-4F3E-4561-AD9B-D2B194BE4D42}.Release|x64.ActiveCfg = Release|x64
		{8EAE83CC-4F3E-4561-AD9B-D2B194BE4D42}.Release|x64.Build.0 = Release|x64
		{8EAE83CC-4F3E-4561-AD9B-D2B194BE4D42}.Release|x86.ActiveCfg = Release|Win32
		{8EAE83CC-4F3E-4561-AD9B-D2B194BE4D42}.Release|x86.Build.0 = Release|Win32
		{9115F2F9-ED2C-48D6-8065-D479341254F8}.Debug|x64.ActiveCfg = Debug|x64
		{9115F2F9-ED2C-48D6-8065-D479341254F8}.Debug|x64.Build.0 = Debug|x64
		{9115F2F9-ED2C-48D6-8065-D479341254F8}.Debug|x86.ActiveCfg = Debug|Win32
		{9115F2F9-ED2C-48D6-8065-D479341254F8}.Debug|x86.Build.0 = Debug|Win32
		{9115F2F9-ED2C-48D6-8065-D479341254F8}.Release|x64.ActiveCfg = Release|x64
		{9115F2F9-ED2C-48D6-8065-D479341254F8}.Release|x64.Build.0 = Release|x64
		{9115F2F9-ED2C-48D6-8065-D479341254F8}.Release|x86.ActiveCfg = Release|Win32
		{9115F2F9-ED2C-48D6-8065-D479341254F8}.Release|x86.Build.0 = Release|Win32
		{F27E4213-C7F9-4E58-B192-7F5C308EB3CB}.Debug|x64.ActiveCfg = Debug|x64
		{F27E4213-C7F9-4E58-B192-7F5C308EB3CB}.Debug|x64.Build.0 = Debug|x64
		{F27E4213-C7F9-4E58-B192-7F5C308EB3CB}.Debug|x86.ActiveCfg = Debug|Win32
		{F27E4213-C7F9-4E58-B192-7F5C308EB3CB}.Debug|x86.Build.0 = Debug|Win32
		{F27E4213-C7F9-4E58-B192-7F5C308EB3CB}.Release|x64.ActiveCfg = Release|x64
		{F27E4213-C7F9-4E58-B192-7F5C308EB3CB}.Release|x64.Build.0 = Release|x64
		{F27E4213-C7F9-4E58-B192-7F5C308EB3CB}.Release|x86.ActiveCfg = Release|Win32
		{F27E4213-C7F9-4E58-B192-7F5C308EB3CB}.Release|x86.Build.0 = Release|Win32
		{607335E8-520B-4EE6-9543-766AC1DF10FD}.Debug|x64.ActiveCfg = Debug|x64
		{607335E8-520B-4EE6-9543-766AC1DF10FD}.Debug|x64.Build.0 = Debug|x64
		{607335E8-520B-4EE6-9543-766AC1DF10FD}.Debug|x86.ActiveCfg = Debug|Win32
		{607335E8-520B-4EE6-9543-766AC1DF10FD}.Debug|x86.Build.0 = Debug|Win32
		{607335E8-520B-4EE6-9543-766AC1DF10FD}.Release|x64.ActiveCfg = Release|x64
		{607335E8-520B-4EE6-9543-766AC1DF10FD}.Release|x64.Build.0 = Release|x64
		{607335E8-520B-4EE6-9543-766AC1DF10FD}.Release|x86.ActiveCfg = Release|Win32
		{607335E8-520B-4EE6-9543-766AC1DF10FD}.Release|x86.Build.0 = Release|Win32
		{1F05CBB8-754B-44C1-A9ED-8123FE8758AE}.Debug|x64.ActiveCfg = Debug|x64
		{1F05CBB8-754B-44C1-A9ED-8123FE8758AE}.Debug|x64.Build.0 = Debug|x64
		{1F05CBB8-754B-44C1-A9ED-8123FE8758AE}.Debug|x86.ActiveCfg = Debug|Win32
		{1F05CBB8-754B-44C1-A9ED-8123FE8758AE}.Debug|x86.Build.0 = Debug|Win32
		{1F05CBB8-754B-44C1-A9ED-8123FE8758AE}.Release|x64.ActiveCfg = Release|x64
		{1F05CBB8-754B-44C1-A9ED-8123FE8758AE}.Release|x64.Build.0 = Release|x64
		{1F05CBB8-754B-44C1-A9ED-8123FE8758AE}.Release|x86.ActiveCfg = Release|Win32
		{1F05CBB8-754B-44C1-A9ED-8123FE8758AE}.Release|x86.Build.0 = Release|Win32
		{C14D9E15-5865-4A58-8F79-85A25B64E797}.Debug|x64.ActiveCfg = Debug|x64
		{C14D9E15-5865-4A58-8F79-85A25B64E797}.Debug|x64.Build.0 = Debug|x64
		{C14D9E15-5865-4A58-8F79-85A25B64E797}.Debug|x86.ActiveCfg = Debug|Win32
		{C14D9E15-5865-4A58-8F79-85A25B64E797}.Debug|x86.Build.0 = Debug|Win32
		{C14D9E15-5865-4A58-8F79-85A25B64E797}.Release|x64.ActiveCfg = Release|x64
		{C14D9E15-5865-4A58-8F79-85A25B64E797}.Release|x64.Build.0 = Release|x64
		{C14D9E15-5865-4A58-8F79-85A25B64E797}.Release|x86.ActiveCfg = Release|Win32
		{C14D9E15-5865-4A58-8F79-85A25B64E797}.Release|x86.Build.0 = Release|Win32
		{71B9DEF4-CC23-464E-A0A2-18C0725E87BB}.Debug|x64.ActiveCfg = Debug|x64
		{71B9DEF4-CC23-464E-A0A2-18C0725E87BB}.Debug|x64.Build.0 = Debug|x64
		{71B9DEF4-CC23-464E-A0A2-18C0725E87BB}.Debug|x86.ActiveCfg = Debug|Win32
		{71B9DEF4-CC23-464E-A0A2-18C0725E87BB}.Debug|x86.Build.0 = Debug|Win32
		{71B9DEF4-CC23-464E-A0A2-18C0725E87BB}.Release|x64.ActiveCfg = Release|x64
		{71B9DEF4-CC23-464E-A0A2-18C0725E87BB}.Release|x64.Build.0 = Release|x64
		{71B9DEF4-CC23-464E-A0A2-18C0725E87BB}.Release|x86.ActiveCfg = Release|Win32
		{71B9DEF4-CC23-464E-A0A2-18C0725E87BB}.Release|x86.Build.0 = Release|Win32
	EndGlobalSection
	GlobalSection(SolutionProperties) = preSolution
		HideSolutionNode = FALSE
	EndGlobalSection
	GlobalSection(ExtensibilityGlobals) = postSolution
		SolutionGuid = {01168816-5DA1-47CC-992B-63C96BB08DB0}
	EndGlobalSection
EndGlobal
