
Microsoft Visual Studio Solution File, Format Version 12.00
# Visual Studio Version 17
VisualStudioVersion = 17.14.36908.2
MinimumVisualStudioVersion = 10.0.40219.1
Project("{8BC9CEB8-8B4A-11D0-8D11-00A0C91BC942}") = "CompilerTest", "CompilerTest\CompilerTest.vcxproj", "{011AD9CF-5683-4B65-AA64-41779E64BE69}"
EndProject
Project("{8BC9CEB8-8B4A-11D0-8D11-00A0C91BC942}") = "InlineFunction", "InlineFunction\InlineFunction.vcxproj", "{015D5653-56FC-4B8A-AEE5-BE0B31343904}"
EndProject
Project("{8BC9CEB8-8B4A-11D0-8D11-00A0C91BC942}") = "Pointer", "Pointer\Pointer.vcxproj", "{E98CD377-EEF1-4F9E-8472-D2465873ABE4}"
EndProject
Project("{8BC9CEB8-8B4A-11D0-8D11-00A0C91BC942}") = "Reference", "Reference\Reference.vcxproj", "{2F5F9644-CFB8-483C-926E-D0A8EBF6C77F}"
EndProject
Project("{8BC9CEB8-8B4A-11D0-8D11-00A0C91BC942}") = "Array", "Array\Array.vcxproj", "{6A55D309-317B-4141-B499-7569BACEE59F}"
EndProject
Project("{8BC9CEB8-8B4A-11D0-8D11-00A0C91BC942}") = "String", "String\String.vcxproj", "{C8E467E3-7512-4FE2-8511-75BE8891CF2F}"
EndProject
Global
	GlobalSection(SolutionConfigurationPlatforms) = preSolution
		Debug|x64 = Debug|x64
		Debug|x86 = Debug|x86
		Release|x64 = Release|x64
		Release|x86 = Release|x86
	EndGlobalSection
	GlobalSection(ProjectConfigurationPlatforms) = postSolution
		{011AD9CF-5683-4B65-AA64-41779E64BE69}.Debug|x64.ActiveCfg = Debug|x64
		{011AD9CF-5683-4B65-AA64-41779E64BE69}.Debug|x64.Build.0 = Debug|x64
		{011AD9CF-5683-4B65-AA64-41779E64BE69}.Debug|x86.ActiveCfg = Debug|Win32
		{011AD9CF-5683-4B65-AA64-41779E64BE69}.Debug|x86.Build.0 = Debug|Win32
		{011AD9CF-5683-4B65-AA64-41779E64BE69}.Release|x64.ActiveCfg = Release|x64
		{011AD9CF-5683-4B65-AA64-41779E64BE69}.Release|x64.Build.0 = Release|x64
		{011AD9CF-5683-4B65-AA64-41779E64BE69}.Release|x86.ActiveCfg = Release|Win32
		{011AD9CF-5683-4B65-AA64-41779E64BE69}.Release|x86.Build.0 = Release|Win32
		{015D5653-56FC-4B8A-AEE5-BE0B31343904}.Debug|x64.ActiveCfg = Debug|x64
		{015D5653-56FC-4B8A-AEE5-BE0B31343904}.Debug|x64.Build.0 = Debug|x64
		{015D5653-56FC-4B8A-AEE5-BE0B31343904}.Debug|x86.ActiveCfg = Debug|Win32
		{015D5653-56FC-4B8A-AEE5-BE0B31343904}.Debug|x86.Build.0 = Debug|Win32
		{015D5653-56FC-4B8A-AEE5-BE0B31343904}.Release|x64.ActiveCfg = Release|x64
		{015D5653-56FC-4B8A-AEE5-BE0B31343904}.Release|x64.Build.0 = Release|x64
		{015D5653-56FC-4B8A-AEE5-BE0B31343904}.Release|x86.ActiveCfg = Release|Win32
		{015D5653-56FC-4B8A-AEE5-BE0B31343904}.Release|x86.Build.0 = Release|Win32
		{E98CD377-EEF1-4F9E-8472-D2465873ABE4}.Debug|x64.ActiveCfg = Debug|x64
		{E98CD377-EEF1-4F9E-8472-D2465873ABE4}.Debug|x64.Build.0 = Debug|x64
		{E98CD377-EEF1-4F9E-8472-D2465873ABE4}.Debug|x86.ActiveCfg = Debug|Win32
		{E98CD377-EEF1-4F9E-8472-D2465873ABE4}.Debug|x86.Build.0 = Debug|Win32
		{E98CD377-EEF1-4F9E-8472-D2465873ABE4}.Release|x64.ActiveCfg = Release|x64
		{E98CD377-EEF1-4F9E-8472-D2465873ABE4}.Release|x64.Build.0 = Release|x64
		{E98CD377-EEF1-4F9E-8472-D2465873ABE4}.Release|x86.ActiveCfg = Release|Win32
		{E98CD377-EEF1-4F9E-8472-D2465873ABE4}.Release|x86.Build.0 = Release|Win32
		{2F5F9644-CFB8-483C-926E-D0A8EBF6C77F}.Debug|x64.ActiveCfg = Debug|x64
		{2F5F9644-CFB8-483C-926E-D0A8EBF6C77F}.Debug|x64.Build.0 = Debug|x64
		{2F5F9644-CFB8-483C-926E-D0A8EBF6C77F}.Debug|x86.ActiveCfg = Debug|Win32
		{2F5F9644-CFB8-483C-926E-D0A8EBF6C77F}.Debug|x86.Build.0 = Debug|Win32
		{2F5F9644-CFB8-483C-926E-D0A8EBF6C77F}.Release|x64.ActiveCfg = Release|x64
		{2F5F9644-CFB8-483C-926E-D0A8EBF6C77F}.Release|x64.Build.0 = Release|x64
		{2F5F9644-CFB8-483C-926E-D0A8EBF6C77F}.Release|x86.ActiveCfg = Release|Win32
		{2F5F9644-CFB8-483C-926E-D0A8EBF6C77F}.Release|x86.Build.0 = Release|Win32
		{6A55D309-317B-4141-B499-7569BACEE59F}.Debug|x64.ActiveCfg = Debug|x64
		{6A55D309-317B-4141-B499-7569BACEE59F}.Debug|x64.Build.0 = Debug|x64
		{6A55D309-317B-4141-B499-7569BACEE59F}.Debug|x86.ActiveCfg = Debug|Win32
		{6A55D309-317B-4141-B499-7569BACEE59F}.Debug|x86.Build.0 = Debug|Win32
		{6A55D309-317B-4141-B499-7569BACEE59F}.Release|x64.ActiveCfg = Release|x64
		{6A55D309-317B-4141-B499-7569BACEE59F}.Release|x64.Build.0 = Release|x64
		{6A55D309-317B-4141-B499-7569BACEE59F}.Release|x86.ActiveCfg = Release|Win32
		{6A55D309-317B-4141-B499-7569BACEE59F}.Release|x86.Build.0 = Release|Win32
		{C8E467E3-7512-4FE2-8511-75BE8891CF2F}.Debug|x64.ActiveCfg = Debug|x64
		{C8E467E3-7512-4FE2-8511-75BE8891CF2F}.Debug|x64.Build.0 = Debug|x64
		{C8E467E3-7512-4FE2-8511-75BE8891CF2F}.Debug|x86.ActiveCfg = Debug|Win32
		{C8E467E3-7512-4FE2-8511-75BE8891CF2F}.Debug|x86.Build.0 = Debug|Win32
		{C8E467E3-7512-4FE2-8511-75BE8891CF2F}.Release|x64.ActiveCfg = Release|x64
		{C8E467E3-7512-4FE2-8511-75BE8891CF2F}.Release|x64.Build.0 = Release|x64
		{C8E467E3-7512-4FE2-8511-75BE8891CF2F}.Release|x86.ActiveCfg = Release|Win32
		{C8E467E3-7512-4FE2-8511-75BE8891CF2F}.Release|x86.Build.0 = Release|Win32
	EndGlobalSection
	GlobalSection(SolutionProperties) = preSolution
		HideSolutionNode = FALSE
	EndGlobalSection
	GlobalSection(ExtensibilityGlobals) = postSolution
		SolutionGuid = {01168816-5DA1-47CC-992B-63C96BB08DB0}
	EndGlobalSection
EndGlobal
